
Microsoft Visual Studio Solution File, Format Version 12.00
# Visual Studio Version 17
VisualStudioVersion = 17.2.32630.192
MinimumVisualStudioVersion = 10.0.40219.1
Project("{FAE04EC0-301F-11D3-BF4B-00C04F79EFBC}") = "Erp.RealEstate.Plugins", "Erp.RealEstate.Plugins.csproj", "{94E35338-6DE7-4AD7-91AB-BE515B51816E}"
EndProject
Global
	GlobalSection(SolutionConfigurationPlatforms) = preSolution
		Debug|Any CPU = Debug|Any CPU
		Release|Any CPU = Release|Any CPU
	EndGlobalSection
	GlobalSection(ProjectConfigurationPlatforms) = postSolution
		{94E35338-6DE7-4AD7-91AB-BE515B51816E}.Debug|Any CPU.ActiveCfg = Debug|Any CPU
		{94E35338-6DE7-4AD7-91AB-BE515B51816E}.Debug|Any CPU.Build.0 = Debug|Any CPU
		{94E35338-6DE7-4AD7-91AB-BE515B51816E}.Release|Any CPU.ActiveCfg = Release|Any CPU
		{94E35338-6DE7-4AD7-91AB-BE515B51816E}.Release|Any CPU.Build.0 = Release|Any CPU
	EndGlobalSection
	GlobalSection(SolutionProperties) = preSolution
		HideSolutionNode = FALSE
	EndGlobalSection
	GlobalSection(ExtensibilityGlobals) = postSolution
		SolutionGuid = {A4C391E0-9E73-4D8B-954D-043A81E8DB76}
	EndGlobalSection
EndGlobal
